<?xml version="1.0" encoding="utf-8"?>
<Project ToolsVersion="4.0" xmlns="http://schemas.microsoft.com/developer/msbuild/2003">
  <ItemGroup>
    <Filter Include="소스 파일">
      <UniqueIdentifier>{4FC737F1-C7A5-4376-A066-2A32D752A2FF}</UniqueIdentifier>
      <Extensions>cpp;c;cc;cxx;c++;cppm;ixx;def;odl;idl;hpj;bat;asm;asmx</Extensions>
    </Filter>
    <Filter Include="헤더 파일">
      <UniqueIdentifier>{93995380-89BD-4b04-88EB-625FBE52EBFB}</UniqueIdentifier>
      <Extensions>h;hh;hpp;hxx;h++;hm;inl;inc;ipp;xsd</Extensions>
    </Filter>
    <Filter Include="리소스 파일">
      <UniqueIdentifier>{67DA6AB6-F800-4c08-8B7A-83BB121AAD01}</UniqueIdentifier>
      <Extensions>rc;ico;cur;bmp;dlg;rc2;rct;bin;rgs;gif;jpg;jpeg;jpe;resx;tiff;tif;png;wav;mfcribbon-ms</Extensions>
    </Filter>
    <Filter Include="Scene">
      <UniqueIdentifier>{f3f011e4-49bf-466e-91ae-af8317b0957d}</UniqueIdentifier>
    </Filter>
    <Filter Include="Scene\SceneBase">
      <UniqueIdentifier>{ae0eeeb3-a805-489d-8a86-03de9b19f68a}</UniqueIdentifier>
    </Filter>
    <Filter Include="Scene\SceneManager">
      <UniqueIdentifier>{7a76c744-1cd6-4380-bafd-b0ad843b8f4f}</UniqueIdentifier>
    </Filter>
    <Filter Include="GameObject">
      <UniqueIdentifier>{3a04721d-aaa3-4211-b91f-dd17a6b85b1a}</UniqueIdentifier>
    </Filter>
    <Filter Include="Pre-Compile">
      <UniqueIdentifier>{b0581a58-6bf9-4021-9734-84532e2daf9f}</UniqueIdentifier>
    </Filter>
    <Filter Include="Input">
      <UniqueIdentifier>{574d771b-c077-4145-9d81-a040fb11829e}</UniqueIdentifier>
    </Filter>
    <Filter Include="D2DRenderer">
      <UniqueIdentifier>{5a7c0105-6768-4977-a0eb-b483b83642b2}</UniqueIdentifier>
    </Filter>
    <Filter Include="Component">
      <UniqueIdentifier>{167c6cb7-f356-4fa0-9577-a24ddf944dd1}</UniqueIdentifier>
    </Filter>
    <Filter Include="Component\Transform">
      <UniqueIdentifier>{24402111-92c9-4c3d-962d-9aea2efba1b4}</UniqueIdentifier>
    </Filter>
    <Filter Include="Resource">
      <UniqueIdentifier>{ecdacdf6-8bfa-4a9a-a1ed-4a7772a6aef6}</UniqueIdentifier>
    </Filter>
  </ItemGroup>
  <ItemGroup>
    <ClInclude Include="SceneManager.h">
      <Filter>Scene\SceneManager</Filter>
    </ClInclude>
    <ClInclude Include="SceneBase.h">
      <Filter>Scene\SceneBase</Filter>
    </ClInclude>
    <ClInclude Include="GameObjectBase.h">
      <Filter>GameObject</Filter>
    </ClInclude>
    <ClInclude Include="GameObjectList.h">
      <Filter>GameObject</Filter>
    </ClInclude>
    <ClInclude Include="pch.h">
      <Filter>Pre-Compile</Filter>
    </ClInclude>
    <ClInclude Include="framework.h">
      <Filter>Pre-Compile</Filter>
    </ClInclude>
    <ClInclude Include="SceneList.h">
      <Filter>Scene\SceneBase</Filter>
    </ClInclude>
    <ClInclude Include="InputManager.h">
      <Filter>Input</Filter>
    </ClInclude>
    <ClInclude Include="D2DRenderer.h">
      <Filter>D2DRenderer</Filter>
    </ClInclude>
    <ClInclude Include="Component.h">
      <Filter>Component</Filter>
    </ClInclude>
    <ClInclude Include="ComponentList.h">
      <Filter>Component</Filter>
    </ClInclude>
    <ClInclude Include="D2DTransform.h">
      <Filter>Component\Transform</Filter>
    </ClInclude>
    <ClInclude Include="ResourceManager.h">
      <Filter>Resource</Filter>
    </ClInclude>
  </ItemGroup>
  <ItemGroup>
    <ClCompile Include="SceneManager.cpp">
      <Filter>Scene\SceneManager</Filter>
    </ClCompile>
    <ClCompile Include="SceneBase.cpp">
      <Filter>Scene\SceneBase</Filter>
    </ClCompile>
    <ClCompile Include="GameObjectBase.cpp">
      <Filter>GameObject</Filter>
    </ClCompile>
    <ClCompile Include="pch.cpp">
      <Filter>Pre-Compile</Filter>
    </ClCompile>
    <ClCompile Include="InputManager.cpp">
      <Filter>Input</Filter>
    </ClCompile>
    <ClCompile Include="SceneList.cpp">
      <Filter>Scene\SceneBase</Filter>
    </ClCompile>
    <ClCompile Include="D2DRenderer.cpp">
      <Filter>D2DRenderer</Filter>
    </ClCompile>
    <ClCompile Include="D2DTransform.cpp">
      <Filter>Component\Transform</Filter>
    </ClCompile>
    <ClCompile Include="Component.cpp">
      <Filter>Component</Filter>
    </ClCompile>
    <ClCompile Include="ResourceManager.cpp">
      <Filter>Resource</Filter>
    </ClCompile>
  </ItemGroup>
  <ItemGroup>
    <None Include="GameObjectBase.inl">
      <Filter>GameObject</Filter>
    </None>
  </ItemGroup>
</Project>