<?xml version="1.0" encoding="utf-8"?>
<Project ToolsVersion="4.0" xmlns="http://schemas.microsoft.com/developer/msbuild/2003">
  <ItemGroup>
    <Filter Include="Scene">
      <UniqueIdentifier>{f3f011e4-49bf-466e-91ae-af8317b0957d}</UniqueIdentifier>
    </Filter>
    <Filter Include="Scene\SceneBase">
      <UniqueIdentifier>{ae0eeeb3-a805-489d-8a86-03de9b19f68a}</UniqueIdentifier>
    </Filter>
    <Filter Include="Scene\SceneManager">
      <UniqueIdentifier>{7a76c744-1cd6-4380-bafd-b0ad843b8f4f}</UniqueIdentifier>
    </Filter>
    <Filter Include="GameObject">
      <UniqueIdentifier>{3a04721d-aaa3-4211-b91f-dd17a6b85b1a}</UniqueIdentifier>
    </Filter>
    <Filter Include="Pre-Compile">
      <UniqueIdentifier>{b0581a58-6bf9-4021-9734-84532e2daf9f}</UniqueIdentifier>
    </Filter>
    <Filter Include="Input">
      <UniqueIdentifier>{574d771b-c077-4145-9d81-a040fb11829e}</UniqueIdentifier>
    </Filter>
    <Filter Include="D2DRenderer">
      <UniqueIdentifier>{5a7c0105-6768-4977-a0eb-b483b83642b2}</UniqueIdentifier>
    </Filter>
    <Filter Include="Component">
      <UniqueIdentifier>{167c6cb7-f356-4fa0-9577-a24ddf944dd1}</UniqueIdentifier>
    </Filter>
    <Filter Include="Component\Transform">
      <UniqueIdentifier>{24402111-92c9-4c3d-962d-9aea2efba1b4}</UniqueIdentifier>
    </Filter>
    <Filter Include="Resource">
      <UniqueIdentifier>{ecdacdf6-8bfa-4a9a-a1ed-4a7772a6aef6}</UniqueIdentifier>
    </Filter>
    <Filter Include="Component\Input">
      <UniqueIdentifier>{1926a039-1673-41ef-9205-073e814bbabc}</UniqueIdentifier>
    </Filter>
  </ItemGroup>
  <ItemGroup>
    <ClInclude Include="SceneManager.h">
      <Filter>Scene\SceneManager</Filter>
    </ClInclude>
    <ClInclude Include="SceneBase.h">
      <Filter>Scene\SceneBase</Filter>
    </ClInclude>
    <ClInclude Include="GameObjectBase.h">
      <Filter>GameObject</Filter>
    </ClInclude>
    <ClInclude Include="pch.h">
      <Filter>Pre-Compile</Filter>
    </ClInclude>
    <ClInclude Include="framework.h">
      <Filter>Pre-Compile</Filter>
    </ClInclude>
    <ClInclude Include="InputManager.h">
      <Filter>Input</Filter>
    </ClInclude>
    <ClInclude Include="D2DRenderer.h">
      <Filter>D2DRenderer</Filter>
    </ClInclude>
    <ClInclude Include="Component.h">
      <Filter>Component</Filter>
    </ClInclude>
    <ClInclude Include="ComponentList.h">
      <Filter>Component</Filter>
    </ClInclude>
    <ClInclude Include="D2DTransform.h">
      <Filter>Component\Transform</Filter>
    </ClInclude>
    <ClInclude Include="ResourceManager.h">
      <Filter>Resource</Filter>
    </ClInclude>
    <ClInclude Include="PlayerInput.h">
      <Filter>Component\Input</Filter>
    </ClInclude>
  </ItemGroup>
  <ItemGroup>
    <ClCompile Include="SceneManager.cpp">
      <Filter>Scene\SceneManager</Filter>
    </ClCompile>
    <ClCompile Include="SceneBase.cpp">
      <Filter>Scene\SceneBase</Filter>
    </ClCompile>
    <ClCompile Include="GameObjectBase.cpp">
      <Filter>GameObject</Filter>
    </ClCompile>
    <ClCompile Include="pch.cpp">
      <Filter>Pre-Compile</Filter>
    </ClCompile>
    <ClCompile Include="InputManager.cpp">
      <Filter>Input</Filter>
    </ClCompile>
    <ClCompile Include="D2DRenderer.cpp">
      <Filter>D2DRenderer</Filter>
    </ClCompile>
    <ClCompile Include="D2DTransform.cpp">
      <Filter>Component\Transform</Filter>
    </ClCompile>
    <ClCompile Include="Component.cpp">
      <Filter>Component</Filter>
    </ClCompile>
    <ClCompile Include="ResourceManager.cpp">
      <Filter>Resource</Filter>
    </ClCompile>
    <ClCompile Include="PlayerInput.cpp">
      <Filter>Component\Input</Filter>
    </ClCompile>
  </ItemGroup>
  <ItemGroup>
    <None Include="GameObjectBase.inl">
      <Filter>GameObject</Filter>
    </None>
    <None Include="SceneBase.Inl">
      <Filter>Scene\SceneBase</Filter>
    </None>
  </ItemGroup>
</Project>