
Microsoft Visual Studio Solution File, Format Version 12.00
# Visual Studio Version 17
VisualStudioVersion = 17.13.35825.156
MinimumVisualStudioVersion = 10.0.40219.1
Project("{8BC9CEB8-8B4A-11D0-8D11-00A0C91BC942}") = "JDEgine_App", "JDEgine_App\JDEgine_App.vcxproj", "{85E41A05-7BAA-46C6-A907-68BDFD506BC2}"
EndProject
Project("{2150E333-8FDC-42A3-9474-1A3956D46DE8}") = "01_JDEngine_Interface", "01_JDEngine_Interface", "{C8D5274F-AC00-46C7-1F8D-E88E81087A52}"
EndProject
Project("{2150E333-8FDC-42A3-9474-1A3956D46DE8}") = "02_JDEngine_Base", "02_JDEngine_Base", "{FDBF4985-101B-494B-AB3D-20174C039FCD}"
EndProject
Project("{2150E333-8FDC-42A3-9474-1A3956D46DE8}") = "03_JDEngine_Core", "03_JDEngine_Core", "{5466DFC8-3527-4539-805D-F08476521228}"
EndProject
Project("{2150E333-8FDC-42A3-9474-1A3956D46DE8}") = "04_JDEngine_Contents", "04_JDEngine_Contents", "{AFFCB437-1797-4C7D-817D-954BD974F54C}"
EndProject
Project("{2150E333-8FDC-42A3-9474-1A3956D46DE8}") = "05_JDEngineApp", "05_JDEngineApp", "{4909620C-A118-4644-ACBC-1DB461EFB173}"
EndProject
Project("{8BC9CEB8-8B4A-11D0-8D11-00A0C91BC942}") = "99_JDEngine_Doc", "99_JDEngine_Doc\99_JDEngine_Doc.vcxproj", "{7B66922C-C8C5-423D-9304-8B41A6C79CF2}"
EndProject
Project("{8BC9CEB8-8B4A-11D0-8D11-00A0C91BC942}") = "JDEngine_Contents", "JDEngine_Contents\JDEngine_Contents.vcxproj", "{4A624634-A2D9-4563-952B-6F5D85BD7757}"
EndProject
Project("{8BC9CEB8-8B4A-11D0-8D11-00A0C91BC942}") = "00_JDEngine_Core", "JDEngine_Core\JDEngine_Core.vcxproj", "{8E94777F-CD1E-4CA0-8012-C78F82C6E6EC}"
EndProject
Project("{8BC9CEB8-8B4A-11D0-8D11-00A0C91BC942}") = "01_JDEngine_Renderer", "JDEngine_Renderer\JDEngine_Renderer.vcxproj", "{43F6A818-A9EE-4FBC-8BCB-256F9253A824}"
EndProject
Project("{8BC9CEB8-8B4A-11D0-8D11-00A0C91BC942}") = "JDEngine_Base", "JDEngine_Base\JDEngine_Base.vcxproj", "{678AF937-7D2A-4E5C-B2BB-5DFE94D94BDF}"
EndProject
Project("{8BC9CEB8-8B4A-11D0-8D11-00A0C91BC942}") = "JDEngine_Factories", "JDEngine_Factories\JDEngine_Factories.vcxproj", "{23D1FA9A-2CDA-4AF5-AD93-AAC778861146}"
EndProject
Project("{8BC9CEB8-8B4A-11D0-8D11-00A0C91BC942}") = "JDEngine_Interfaces", "JDEngine_Interfaces\JDEngine_Interfaces.vcxproj", "{A5B64D14-6FE7-49E5-B5B5-C7358523842A}"
EndProject
Project("{2150E333-8FDC-42A3-9474-1A3956D46DE8}") = "00_JDEngine_Common", "00_JDEngine_Common", "{C6656A86-B2AA-425E-AAC2-CCF6DDC035AE}"
EndProject
Project("{8BC9CEB8-8B4A-11D0-8D11-00A0C91BC942}") = "JDEngine_Windows", "JDEngine_Windows\JDEngine_Windows.vcxproj", "{1A5BAFD9-547C-43C0-A275-12F19298BDD4}"
EndProject
Project("{8BC9CEB8-8B4A-11D0-8D11-00A0C91BC942}") = "JDEngine_Common", "JDEngine_Common\JDEngine_Common.vcxproj", "{DF76876E-303E-4054-B3AF-4E4AF33EDFB7}"
EndProject
Project("{8BC9CEB8-8B4A-11D0-8D11-00A0C91BC942}") = "02_JDEngine_Components", "JDEngine_Components\JDEngine_Components.vcxproj", "{BE95FC1A-B536-476C-9E4A-DE90E6D3BF23}"
	ProjectSection(ProjectDependencies) = postProject
		{DF76876E-303E-4054-B3AF-4E4AF33EDFB7} = {DF76876E-303E-4054-B3AF-4E4AF33EDFB7}
	EndProjectSection
EndProject
Global
	GlobalSection(SolutionConfigurationPlatforms) = preSolution
		Debug|x64 = Debug|x64
		Debug|x86 = Debug|x86
		Release|x64 = Release|x64
		Release|x86 = Release|x86
	EndGlobalSection
	GlobalSection(ProjectConfigurationPlatforms) = postSolution
		{85E41A05-7BAA-46C6-A907-68BDFD506BC2}.Debug|x64.ActiveCfg = Debug|x64
		{85E41A05-7BAA-46C6-A907-68BDFD506BC2}.Debug|x64.Build.0 = Debug|x64
		{85E41A05-7BAA-46C6-A907-68BDFD506BC2}.Debug|x86.ActiveCfg = Debug|Win32
		{85E41A05-7BAA-46C6-A907-68BDFD506BC2}.Debug|x86.Build.0 = Debug|Win32
		{85E41A05-7BAA-46C6-A907-68BDFD506BC2}.Release|x64.ActiveCfg = Release|x64
		{85E41A05-7BAA-46C6-A907-68BDFD506BC2}.Release|x64.Build.0 = Release|x64
		{85E41A05-7BAA-46C6-A907-68BDFD506BC2}.Release|x86.ActiveCfg = Release|Win32
		{85E41A05-7BAA-46C6-A907-68BDFD506BC2}.Release|x86.Build.0 = Release|Win32
		{7B66922C-C8C5-423D-9304-8B41A6C79CF2}.Debug|x64.ActiveCfg = Debug|x64
		{7B66922C-C8C5-423D-9304-8B41A6C79CF2}.Debug|x64.Build.0 = Debug|x64
		{7B66922C-C8C5-423D-9304-8B41A6C79CF2}.Debug|x86.ActiveCfg = Debug|Win32
		{7B66922C-C8C5-423D-9304-8B41A6C79CF2}.Debug|x86.Build.0 = Debug|Win32
		{7B66922C-C8C5-423D-9304-8B41A6C79CF2}.Release|x64.ActiveCfg = Release|x64
		{7B66922C-C8C5-423D-9304-8B41A6C79CF2}.Release|x64.Build.0 = Release|x64
		{7B66922C-C8C5-423D-9304-8B41A6C79CF2}.Release|x86.ActiveCfg = Release|Win32
		{7B66922C-C8C5-423D-9304-8B41A6C79CF2}.Release|x86.Build.0 = Release|Win32
		{4A624634-A2D9-4563-952B-6F5D85BD7757}.Debug|x64.ActiveCfg = Debug|x64
		{4A624634-A2D9-4563-952B-6F5D85BD7757}.Debug|x64.Build.0 = Debug|x64
		{4A624634-A2D9-4563-952B-6F5D85BD7757}.Debug|x86.ActiveCfg = Debug|Win32
		{4A624634-A2D9-4563-952B-6F5D85BD7757}.Debug|x86.Build.0 = Debug|Win32
		{4A624634-A2D9-4563-952B-6F5D85BD7757}.Release|x64.ActiveCfg = Release|x64
		{4A624634-A2D9-4563-952B-6F5D85BD7757}.Release|x64.Build.0 = Release|x64
		{4A624634-A2D9-4563-952B-6F5D85BD7757}.Release|x86.ActiveCfg = Release|Win32
		{4A624634-A2D9-4563-952B-6F5D85BD7757}.Release|x86.Build.0 = Release|Win32
		{8E94777F-CD1E-4CA0-8012-C78F82C6E6EC}.Debug|x64.ActiveCfg = Debug|x64
		{8E94777F-CD1E-4CA0-8012-C78F82C6E6EC}.Debug|x64.Build.0 = Debug|x64
		{8E94777F-CD1E-4CA0-8012-C78F82C6E6EC}.Debug|x86.ActiveCfg = Debug|Win32
		{8E94777F-CD1E-4CA0-8012-C78F82C6E6EC}.Debug|x86.Build.0 = Debug|Win32
		{8E94777F-CD1E-4CA0-8012-C78F82C6E6EC}.Release|x64.ActiveCfg = Release|x64
		{8E94777F-CD1E-4CA0-8012-C78F82C6E6EC}.Release|x64.Build.0 = Release|x64
		{8E94777F-CD1E-4CA0-8012-C78F82C6E6EC}.Release|x86.ActiveCfg = Release|Win32
		{8E94777F-CD1E-4CA0-8012-C78F82C6E6EC}.Release|x86.Build.0 = Release|Win32
		{43F6A818-A9EE-4FBC-8BCB-256F9253A824}.Debug|x64.ActiveCfg = Debug|x64
		{43F6A818-A9EE-4FBC-8BCB-256F9253A824}.Debug|x64.Build.0 = Debug|x64
		{43F6A818-A9EE-4FBC-8BCB-256F9253A824}.Debug|x86.ActiveCfg = Debug|Win32
		{43F6A818-A9EE-4FBC-8BCB-256F9253A824}.Debug|x86.Build.0 = Debug|Win32
		{43F6A818-A9EE-4FBC-8BCB-256F9253A824}.Release|x64.ActiveCfg = Release|x64
		{43F6A818-A9EE-4FBC-8BCB-256F9253A824}.Release|x64.Build.0 = Release|x64
		{43F6A818-A9EE-4FBC-8BCB-256F9253A824}.Release|x86.ActiveCfg = Release|Win32
		{43F6A818-A9EE-4FBC-8BCB-256F9253A824}.Release|x86.Build.0 = Release|Win32
		{678AF937-7D2A-4E5C-B2BB-5DFE94D94BDF}.Debug|x64.ActiveCfg = Debug|x64
		{678AF937-7D2A-4E5C-B2BB-5DFE94D94BDF}.Debug|x64.Build.0 = Debug|x64
		{678AF937-7D2A-4E5C-B2BB-5DFE94D94BDF}.Debug|x86.ActiveCfg = Debug|Win32
		{678AF937-7D2A-4E5C-B2BB-5DFE94D94BDF}.Debug|x86.Build.0 = Debug|Win32
		{678AF937-7D2A-4E5C-B2BB-5DFE94D94BDF}.Release|x64.ActiveCfg = Release|x64
		{678AF937-7D2A-4E5C-B2BB-5DFE94D94BDF}.Release|x64.Build.0 = Release|x64
		{678AF937-7D2A-4E5C-B2BB-5DFE94D94BDF}.Release|x86.ActiveCfg = Release|Win32
		{678AF937-7D2A-4E5C-B2BB-5DFE94D94BDF}.Release|x86.Build.0 = Release|Win32
		{23D1FA9A-2CDA-4AF5-AD93-AAC778861146}.Debug|x64.ActiveCfg = Debug|x64
		{23D1FA9A-2CDA-4AF5-AD93-AAC778861146}.Debug|x64.Build.0 = Debug|x64
		{23D1FA9A-2CDA-4AF5-AD93-AAC778861146}.Debug|x86.ActiveCfg = Debug|Win32
		{23D1FA9A-2CDA-4AF5-AD93-AAC778861146}.Debug|x86.Build.0 = Debug|Win32
		{23D1FA9A-2CDA-4AF5-AD93-AAC778861146}.Release|x64.ActiveCfg = Release|x64
		{23D1FA9A-2CDA-4AF5-AD93-AAC778861146}.Release|x64.Build.0 = Release|x64
		{23D1FA9A-2CDA-4AF5-AD93-AAC778861146}.Release|x86.ActiveCfg = Release|Win32
		{23D1FA9A-2CDA-4AF5-AD93-AAC778861146}.Release|x86.Build.0 = Release|Win32
		{A5B64D14-6FE7-49E5-B5B5-C7358523842A}.Debug|x64.ActiveCfg = Debug|x64
		{A5B64D14-6FE7-49E5-B5B5-C7358523842A}.Debug|x64.Build.0 = Debug|x64
		{A5B64D14-6FE7-49E5-B5B5-C7358523842A}.Debug|x86.ActiveCfg = Debug|Win32
		{A5B64D14-6FE7-49E5-B5B5-C7358523842A}.Debug|x86.Build.0 = Debug|Win32
		{A5B64D14-6FE7-49E5-B5B5-C7358523842A}.Release|x64.ActiveCfg = Release|x64
		{A5B64D14-6FE7-49E5-B5B5-C7358523842A}.Release|x64.Build.0 = Release|x64
		{A5B64D14-6FE7-49E5-B5B5-C7358523842A}.Release|x86.ActiveCfg = Release|Win32
		{A5B64D14-6FE7-49E5-B5B5-C7358523842A}.Release|x86.Build.0 = Release|Win32
		{1A5BAFD9-547C-43C0-A275-12F19298BDD4}.Debug|x64.ActiveCfg = Debug|x64
		{1A5BAFD9-547C-43C0-A275-12F19298BDD4}.Debug|x64.Build.0 = Debug|x64
		{1A5BAFD9-547C-43C0-A275-12F19298BDD4}.Debug|x86.ActiveCfg = Debug|Win32
		{1A5BAFD9-547C-43C0-A275-12F19298BDD4}.Debug|x86.Build.0 = Debug|Win32
		{1A5BAFD9-547C-43C0-A275-12F19298BDD4}.Release|x64.ActiveCfg = Release|x64
		{1A5BAFD9-547C-43C0-A275-12F19298BDD4}.Release|x64.Build.0 = Release|x64
		{1A5BAFD9-547C-43C0-A275-12F19298BDD4}.Release|x86.ActiveCfg = Release|Win32
		{1A5BAFD9-547C-43C0-A275-12F19298BDD4}.Release|x86.Build.0 = Release|Win32
		{DF76876E-303E-4054-B3AF-4E4AF33EDFB7}.Debug|x64.ActiveCfg = Debug|x64
		{DF76876E-303E-4054-B3AF-4E4AF33EDFB7}.Debug|x64.Build.0 = Debug|x64
		{DF76876E-303E-4054-B3AF-4E4AF33EDFB7}.Debug|x86.ActiveCfg = Debug|Win32
		{DF76876E-303E-4054-B3AF-4E4AF33EDFB7}.Debug|x86.Build.0 = Debug|Win32
		{DF76876E-303E-4054-B3AF-4E4AF33EDFB7}.Release|x64.ActiveCfg = Release|x64
		{DF76876E-303E-4054-B3AF-4E4AF33EDFB7}.Release|x64.Build.0 = Release|x64
		{DF76876E-303E-4054-B3AF-4E4AF33EDFB7}.Release|x86.ActiveCfg = Release|Win32
		{DF76876E-303E-4054-B3AF-4E4AF33EDFB7}.Release|x86.Build.0 = Release|Win32
		{BE95FC1A-B536-476C-9E4A-DE90E6D3BF23}.Debug|x64.ActiveCfg = Debug|x64
		{BE95FC1A-B536-476C-9E4A-DE90E6D3BF23}.Debug|x64.Build.0 = Debug|x64
		{BE95FC1A-B536-476C-9E4A-DE90E6D3BF23}.Debug|x86.ActiveCfg = Debug|Win32
		{BE95FC1A-B536-476C-9E4A-DE90E6D3BF23}.Debug|x86.Build.0 = Debug|Win32
		{BE95FC1A-B536-476C-9E4A-DE90E6D3BF23}.Release|x64.ActiveCfg = Release|x64
		{BE95FC1A-B536-476C-9E4A-DE90E6D3BF23}.Release|x64.Build.0 = Release|x64
		{BE95FC1A-B536-476C-9E4A-DE90E6D3BF23}.Release|x86.ActiveCfg = Release|Win32
		{BE95FC1A-B536-476C-9E4A-DE90E6D3BF23}.Release|x86.Build.0 = Release|Win32
	EndGlobalSection
	GlobalSection(SolutionProperties) = preSolution
		HideSolutionNode = FALSE
	EndGlobalSection
	GlobalSection(NestedProjects) = preSolution
		{85E41A05-7BAA-46C6-A907-68BDFD506BC2} = {4909620C-A118-4644-ACBC-1DB461EFB173}
		{4A624634-A2D9-4563-952B-6F5D85BD7757} = {AFFCB437-1797-4C7D-817D-954BD974F54C}
		{8E94777F-CD1E-4CA0-8012-C78F82C6E6EC} = {5466DFC8-3527-4539-805D-F08476521228}
		{43F6A818-A9EE-4FBC-8BCB-256F9253A824} = {5466DFC8-3527-4539-805D-F08476521228}
		{678AF937-7D2A-4E5C-B2BB-5DFE94D94BDF} = {FDBF4985-101B-494B-AB3D-20174C039FCD}
		{23D1FA9A-2CDA-4AF5-AD93-AAC778861146} = {C8D5274F-AC00-46C7-1F8D-E88E81087A52}
		{A5B64D14-6FE7-49E5-B5B5-C7358523842A} = {C8D5274F-AC00-46C7-1F8D-E88E81087A52}
		{1A5BAFD9-547C-43C0-A275-12F19298BDD4} = {C6656A86-B2AA-425E-AAC2-CCF6DDC035AE}
		{DF76876E-303E-4054-B3AF-4E4AF33EDFB7} = {C6656A86-B2AA-425E-AAC2-CCF6DDC035AE}
		{BE95FC1A-B536-476C-9E4A-DE90E6D3BF23} = {5466DFC8-3527-4539-805D-F08476521228}
	EndGlobalSection
	GlobalSection(ExtensibilityGlobals) = postSolution
		SolutionGuid = {2898C4AC-C152-4BD2-9EDB-65F5CBB64651}
	EndGlobalSection
EndGlobal
