
Microsoft Visual Studio Solution File, Format Version 12.00
# Visual Studio Version 17
VisualStudioVersion = 17.14.36301.6 d17.14
MinimumVisualStudioVersion = 10.0.40219.1
Project("{8BC9CEB8-8B4A-11D0-8D11-00A0C91BC942}") = "JDEngine_Core", "JDEngine_Core\JDEngine_Core.vcxproj", "{7368F44B-DBB9-4719-AB30-5F127F166185}"
EndProject
Project("{2150E333-8FDC-42A3-9474-1A3956D46DE8}") = "01_JDEngine_Base", "01_JDEngine_Base", "{C8D5274F-AC00-46C7-1F8D-E88E81087A52}"
EndProject
Project("{2150E333-8FDC-42A3-9474-1A3956D46DE8}") = "02_JDEngine_Core", "02_JDEngine_Core", "{BAF3DE3D-9E92-4164-9626-CDBAFD4C69F4}"
EndProject
Project("{2150E333-8FDC-42A3-9474-1A3956D46DE8}") = "03_JDEngine_Contents", "03_JDEngine_Contents", "{3DE1B272-DA73-4E15-B4DF-89D6824B3738}"
EndProject
Project("{2150E333-8FDC-42A3-9474-1A3956D46DE8}") = "04_JDEngineApp", "04_JDEngineApp", "{8B41ECEA-8696-416B-A9F2-2B9151911B67}"
EndProject
Project("{8BC9CEB8-8B4A-11D0-8D11-00A0C91BC942}") = "JDEngine_App", "JDEngine_App\JDEngine_App.vcxproj", "{36EBDCD3-E50C-4B7D-BAB4-9D7323B0E099}"
	ProjectSection(ProjectDependencies) = postProject
		{A54E6EAE-575F-4F6B-B8AA-6D25E3CCC153} = {A54E6EAE-575F-4F6B-B8AA-6D25E3CCC153}
	EndProjectSection
EndProject
Project("{8BC9CEB8-8B4A-11D0-8D11-00A0C91BC942}") = "JDEngine_Base", "JDEngine_Base\JDEngine_Base.vcxproj", "{A54E6EAE-575F-4F6B-B8AA-6D25E3CCC153}"
EndProject
Project("{8BC9CEB8-8B4A-11D0-8D11-00A0C91BC942}") = "99_JDEngine_Doc", "JDEngine_Doc\JDEngine_Doc.vcxproj", "{F1856353-B276-4D5B-991C-598EC7A80A6E}"
EndProject
Project("{8BC9CEB8-8B4A-11D0-8D11-00A0C91BC942}") = "JDEngine_Renderer", "JDEngine_Renderer\JDEngine_Renderer.vcxproj", "{441DFE6C-57FF-43C9-9F17-EEDBAD4DB56B}"
EndProject
Project("{2150E333-8FDC-42A3-9474-1A3956D46DE8}") = "00_JDEngine_Interface", "00_JDEngine_Interface", "{C5A3AF39-251F-46E9-B6B8-DDC83ED9318C}"
EndProject
Project("{8BC9CEB8-8B4A-11D0-8D11-00A0C91BC942}") = "JDEngine_Interfaces", "JDEngine_Interfaces\JDEngine_Interfaces.vcxproj", "{055FA857-5298-4351-91CA-F8E57A5CF2B8}"
EndProject
Global
	GlobalSection(SolutionConfigurationPlatforms) = preSolution
		Debug|x64 = Debug|x64
		Debug|x86 = Debug|x86
		Release|x64 = Release|x64
		Release|x86 = Release|x86
	EndGlobalSection
	GlobalSection(ProjectConfigurationPlatforms) = postSolution
		{7368F44B-DBB9-4719-AB30-5F127F166185}.Debug|x64.ActiveCfg = Debug|x64
		{7368F44B-DBB9-4719-AB30-5F127F166185}.Debug|x64.Build.0 = Debug|x64
		{7368F44B-DBB9-4719-AB30-5F127F166185}.Debug|x86.ActiveCfg = Debug|Win32
		{7368F44B-DBB9-4719-AB30-5F127F166185}.Debug|x86.Build.0 = Debug|Win32
		{7368F44B-DBB9-4719-AB30-5F127F166185}.Release|x64.ActiveCfg = Release|x64
		{7368F44B-DBB9-4719-AB30-5F127F166185}.Release|x64.Build.0 = Release|x64
		{7368F44B-DBB9-4719-AB30-5F127F166185}.Release|x86.ActiveCfg = Release|Win32
		{7368F44B-DBB9-4719-AB30-5F127F166185}.Release|x86.Build.0 = Release|Win32
		{36EBDCD3-E50C-4B7D-BAB4-9D7323B0E099}.Debug|x64.ActiveCfg = Debug|x64
		{36EBDCD3-E50C-4B7D-BAB4-9D7323B0E099}.Debug|x64.Build.0 = Debug|x64
		{36EBDCD3-E50C-4B7D-BAB4-9D7323B0E099}.Debug|x86.ActiveCfg = Debug|Win32
		{36EBDCD3-E50C-4B7D-BAB4-9D7323B0E099}.Debug|x86.Build.0 = Debug|Win32
		{36EBDCD3-E50C-4B7D-BAB4-9D7323B0E099}.Release|x64.ActiveCfg = Release|x64
		{36EBDCD3-E50C-4B7D-BAB4-9D7323B0E099}.Release|x64.Build.0 = Release|x64
		{36EBDCD3-E50C-4B7D-BAB4-9D7323B0E099}.Release|x86.ActiveCfg = Release|Win32
		{36EBDCD3-E50C-4B7D-BAB4-9D7323B0E099}.Release|x86.Build.0 = Release|Win32
		{A54E6EAE-575F-4F6B-B8AA-6D25E3CCC153}.Debug|x64.ActiveCfg = Debug|x64
		{A54E6EAE-575F-4F6B-B8AA-6D25E3CCC153}.Debug|x64.Build.0 = Debug|x64
		{A54E6EAE-575F-4F6B-B8AA-6D25E3CCC153}.Debug|x86.ActiveCfg = Debug|Win32
		{A54E6EAE-575F-4F6B-B8AA-6D25E3CCC153}.Debug|x86.Build.0 = Debug|Win32
		{A54E6EAE-575F-4F6B-B8AA-6D25E3CCC153}.Release|x64.ActiveCfg = Release|x64
		{A54E6EAE-575F-4F6B-B8AA-6D25E3CCC153}.Release|x64.Build.0 = Release|x64
		{A54E6EAE-575F-4F6B-B8AA-6D25E3CCC153}.Release|x86.ActiveCfg = Release|Win32
		{A54E6EAE-575F-4F6B-B8AA-6D25E3CCC153}.Release|x86.Build.0 = Release|Win32
		{F1856353-B276-4D5B-991C-598EC7A80A6E}.Debug|x64.ActiveCfg = Debug|x64
		{F1856353-B276-4D5B-991C-598EC7A80A6E}.Debug|x64.Build.0 = Debug|x64
		{F1856353-B276-4D5B-991C-598EC7A80A6E}.Debug|x86.ActiveCfg = Debug|Win32
		{F1856353-B276-4D5B-991C-598EC7A80A6E}.Debug|x86.Build.0 = Debug|Win32
		{F1856353-B276-4D5B-991C-598EC7A80A6E}.Release|x64.ActiveCfg = Release|x64
		{F1856353-B276-4D5B-991C-598EC7A80A6E}.Release|x64.Build.0 = Release|x64
		{F1856353-B276-4D5B-991C-598EC7A80A6E}.Release|x86.ActiveCfg = Release|Win32
		{F1856353-B276-4D5B-991C-598EC7A80A6E}.Release|x86.Build.0 = Release|Win32
		{441DFE6C-57FF-43C9-9F17-EEDBAD4DB56B}.Debug|x64.ActiveCfg = Debug|x64
		{441DFE6C-57FF-43C9-9F17-EEDBAD4DB56B}.Debug|x64.Build.0 = Debug|x64
		{441DFE6C-57FF-43C9-9F17-EEDBAD4DB56B}.Debug|x86.ActiveCfg = Debug|Win32
		{441DFE6C-57FF-43C9-9F17-EEDBAD4DB56B}.Debug|x86.Build.0 = Debug|Win32
		{441DFE6C-57FF-43C9-9F17-EEDBAD4DB56B}.Release|x64.ActiveCfg = Release|x64
		{441DFE6C-57FF-43C9-9F17-EEDBAD4DB56B}.Release|x64.Build.0 = Release|x64
		{441DFE6C-57FF-43C9-9F17-EEDBAD4DB56B}.Release|x86.ActiveCfg = Release|Win32
		{441DFE6C-57FF-43C9-9F17-EEDBAD4DB56B}.Release|x86.Build.0 = Release|Win32
		{055FA857-5298-4351-91CA-F8E57A5CF2B8}.Debug|x64.ActiveCfg = Debug|x64
		{055FA857-5298-4351-91CA-F8E57A5CF2B8}.Debug|x64.Build.0 = Debug|x64
		{055FA857-5298-4351-91CA-F8E57A5CF2B8}.Debug|x86.ActiveCfg = Debug|Win32
		{055FA857-5298-4351-91CA-F8E57A5CF2B8}.Debug|x86.Build.0 = Debug|Win32
		{055FA857-5298-4351-91CA-F8E57A5CF2B8}.Release|x64.ActiveCfg = Release|x64
		{055FA857-5298-4351-91CA-F8E57A5CF2B8}.Release|x64.Build.0 = Release|x64
		{055FA857-5298-4351-91CA-F8E57A5CF2B8}.Release|x86.ActiveCfg = Release|Win32
		{055FA857-5298-4351-91CA-F8E57A5CF2B8}.Release|x86.Build.0 = Release|Win32
	EndGlobalSection
	GlobalSection(SolutionProperties) = preSolution
		HideSolutionNode = FALSE
	EndGlobalSection
	GlobalSection(NestedProjects) = preSolution
		{7368F44B-DBB9-4719-AB30-5F127F166185} = {BAF3DE3D-9E92-4164-9626-CDBAFD4C69F4}
		{36EBDCD3-E50C-4B7D-BAB4-9D7323B0E099} = {8B41ECEA-8696-416B-A9F2-2B9151911B67}
		{A54E6EAE-575F-4F6B-B8AA-6D25E3CCC153} = {C8D5274F-AC00-46C7-1F8D-E88E81087A52}
		{441DFE6C-57FF-43C9-9F17-EEDBAD4DB56B} = {BAF3DE3D-9E92-4164-9626-CDBAFD4C69F4}
		{055FA857-5298-4351-91CA-F8E57A5CF2B8} = {C5A3AF39-251F-46E9-B6B8-DDC83ED9318C}
	EndGlobalSection
	GlobalSection(ExtensibilityGlobals) = postSolution
		SolutionGuid = {3F98BDF6-14A0-4831-AEAF-3FCA6884C0C5}
	EndGlobalSection
EndGlobal
