<?xml version="1.0" encoding="utf-8"?>
<Project ToolsVersion="4.0" xmlns="http://schemas.microsoft.com/developer/msbuild/2003">
  <ItemGroup>
    <Filter Include="Pre-Compile">
      <UniqueIdentifier>{f7a68d67-f764-4932-b4cd-8d464646b091}</UniqueIdentifier>
    </Filter>
    <Filter Include="01_Interface_JDEngine_Base">
      <UniqueIdentifier>{c19afef4-2e63-4f66-8b79-aa448c0d61d3}</UniqueIdentifier>
    </Filter>
    <Filter Include="02_Interface_JDEngine_Core">
      <UniqueIdentifier>{3251074b-9d63-4ed5-a768-3056fafc2a26}</UniqueIdentifier>
    </Filter>
    <Filter Include="03_Interface_JDEngine_Contents">
      <UniqueIdentifier>{f7f63805-294b-46cf-be09-309248fb21ca}</UniqueIdentifier>
    </Filter>
    <Filter Include="04_Interface_JDEngineApp">
      <UniqueIdentifier>{7da5cb2e-1e8c-4d89-987a-e1c2436ebf89}</UniqueIdentifier>
    </Filter>
  </ItemGroup>
  <ItemGroup>
    <ClInclude Include="pch.h">
      <Filter>Pre-Compile</Filter>
    </ClInclude>
    <ClInclude Include="AppInterface.h">
      <Filter>04_Interface_JDEngineApp</Filter>
    </ClInclude>
    <ClInclude Include="BaseInterface.h">
      <Filter>01_Interface_JDEngine_Base</Filter>
    </ClInclude>
    <ClInclude Include="Framework.h">
      <Filter>Pre-Compile</Filter>
    </ClInclude>
  </ItemGroup>
  <ItemGroup>
    <ClCompile Include="pch.cpp">
      <Filter>Pre-Compile</Filter>
    </ClCompile>
  </ItemGroup>
</Project>