<?xml version="1.0" encoding="utf-8"?>
<Project ToolsVersion="4.0" xmlns="http://schemas.microsoft.com/developer/msbuild/2003">
  <ItemGroup>
    <Filter Include="Scene">
      <UniqueIdentifier>{28ac11e2-204d-4141-bfe9-b66e90f905a0}</UniqueIdentifier>
    </Filter>
    <Filter Include="GameObject">
      <UniqueIdentifier>{03483d0d-b5be-47ad-8f51-3282d5d801cd}</UniqueIdentifier>
    </Filter>
    <Filter Include="Pre-Compile">
      <UniqueIdentifier>{96de53a6-598d-439f-a3ec-e839385fd3f4}</UniqueIdentifier>
    </Filter>
  </ItemGroup>
  <ItemGroup>
    <ClInclude Include="SceneList.h">
      <Filter>Scene</Filter>
    </ClInclude>
    <ClInclude Include="pch.h">
      <Filter>Pre-Compile</Filter>
    </ClInclude>
    <ClInclude Include="framework.h">
      <Filter>Pre-Compile</Filter>
    </ClInclude>
    <ClInclude Include="GameObjectList.h">
      <Filter>GameObject</Filter>
    </ClInclude>
  </ItemGroup>
  <ItemGroup>
    <ClCompile Include="SceneList.cpp">
      <Filter>Scene</Filter>
    </ClCompile>
    <ClCompile Include="pch.cpp">
      <Filter>Pre-Compile</Filter>
    </ClCompile>
    <ClCompile Include="GameObjectList.cpp">
      <Filter>GameObject</Filter>
    </ClCompile>
  </ItemGroup>
</Project>