<?xml version="1.0" encoding="utf-8"?>
<Project ToolsVersion="4.0" xmlns="http://schemas.microsoft.com/developer/msbuild/2003">
  <ItemGroup>
    <ClCompile Include="ArmySystem.cpp" />
    <ClCompile Include="Building.cpp" />
    <ClCompile Include="BuildSystem.cpp" />
    <ClCompile Include="Cat.cpp" />
    <ClCompile Include="CombatSystem.cpp" />
    <ClCompile Include="DefaultGameObject.cpp" />
    <ClCompile Include="ExpeditionSystem.cpp" />
    <ClCompile Include="FishingSpot.cpp" />
    <ClCompile Include="GameScene.cpp" />
    <ClCompile Include="Grid.cpp" />
    <ClCompile Include="House.cpp" />
    <ClCompile Include="LumberMill.cpp" />
    <ClCompile Include="Mine.cpp" />
    <ClCompile Include="pch.cpp" />
    <ClCompile Include="Player.cpp" />
    <ClCompile Include="ResourceSystem.cpp" />
    <ClCompile Include="DefaultScene.cpp" />
    <ClCompile Include="SelectNationScene.cpp" />
    <ClCompile Include="Soldier.cpp" />
    <ClCompile Include="TestScene.cpp" />
    <ClCompile Include="TitleScene.cpp" />
    <ClCompile Include="TutorialScene.cpp" />
    <ClCompile Include="UIObjectList.cpp" />
    <ClCompile Include="WaveManager.cpp" />
    <ClCompile Include="TestGameScene.cpp" />
  </ItemGroup>
  <ItemGroup>
    <ClInclude Include="ArmySystem.h" />
    <ClInclude Include="Building.h" />
    <ClInclude Include="BuildSystem.h" />
    <ClInclude Include="Cat.h" />
    <ClInclude Include="CombatSystem.h" />
    <ClInclude Include="ExpeditionSystem.h" />
    <ClInclude Include="FishingSpot.h" />
    <ClInclude Include="framework.h" />
    <ClInclude Include="DefaultGameObject.h" />
    <ClInclude Include="GameObjectList.h" />
    <ClInclude Include="GameScene.h" />
    <ClInclude Include="Grid.h" />
    <ClInclude Include="House.h" />
    <ClInclude Include="LumberMill.h" />
    <ClInclude Include="Mine.h" />
    <ClInclude Include="pch.h" />
    <ClInclude Include="Player.h" />
    <ClInclude Include="ResourceSystem.h" />
    <ClInclude Include="DefaultScene.h" />
    <ClInclude Include="SelectNationScene.h" />
    <ClInclude Include="Soldier.h" />
    <ClInclude Include="TestScene.h" />
    <ClInclude Include="TitleScene.h" />
    <ClInclude Include="TutorialScene.h" />
    <ClInclude Include="UIObjectList.h" />
    <ClInclude Include="SceneList.h" />
    <ClInclude Include="WaveManager.h" />
    <ClInclude Include="TestGameScene.h" />
  </ItemGroup>
</Project>