<?xml version="1.0" encoding="utf-8"?>
<Project ToolsVersion="4.0" xmlns="http://schemas.microsoft.com/developer/msbuild/2003">
  <ItemGroup>
    <Filter Include="Pre-Compile">
      <UniqueIdentifier>{9b765d75-b381-4628-90c1-61aa75e25d5a}</UniqueIdentifier>
    </Filter>
    <Filter Include="Math">
      <UniqueIdentifier>{83fd4a97-77e0-4db6-b753-e47550d9a0d6}</UniqueIdentifier>
    </Filter>
    <Filter Include="OutputHeader">
      <UniqueIdentifier>{f86cdab6-55a7-417c-b9b4-848da7d3e05e}</UniqueIdentifier>
    </Filter>
    <Filter Include="Color">
      <UniqueIdentifier>{f453b1d9-429a-491b-bf41-e1bdfcd53d0d}</UniqueIdentifier>
    </Filter>
    <Filter Include="Global">
      <UniqueIdentifier>{1396d460-6ea1-4871-addd-35ba34628ea3}</UniqueIdentifier>
    </Filter>
  </ItemGroup>
  <ItemGroup>
    <ClInclude Include="framework.h">
      <Filter>Pre-Compile</Filter>
    </ClInclude>
    <ClInclude Include="pch.h">
      <Filter>Pre-Compile</Filter>
    </ClInclude>
    <ClInclude Include="MathType.h">
      <Filter>Math</Filter>
    </ClInclude>
    <ClInclude Include="MathUtil.h">
      <Filter>Math</Filter>
    </ClInclude>
    <ClInclude Include="JDMath.h">
      <Filter>OutputHeader</Filter>
    </ClInclude>
    <ClInclude Include="InputUtil.h">
      <Filter>OutputHeader</Filter>
    </ClInclude>
    <ClInclude Include="Global.h">
      <Filter>Global</Filter>
    </ClInclude>
    <ClInclude Include="SingletonBase.h" />
  </ItemGroup>
  <ItemGroup>
    <ClCompile Include="pch.cpp">
      <Filter>Pre-Compile</Filter>
    </ClCompile>
    <ClCompile Include="MathUtil.cpp">
      <Filter>Math</Filter>
    </ClCompile>
  </ItemGroup>
</Project>