<?xml version="1.0" encoding="utf-8"?>
<Project ToolsVersion="4.0" xmlns="http://schemas.microsoft.com/developer/msbuild/2003">
  <ItemGroup>
    <Filter Include="참고 자료">
      <UniqueIdentifier>{11e0d0a0-9fa5-4fce-8b3b-3dbf7a70ad17}</UniqueIdentifier>
    </Filter>
    <Filter Include="규칙">
      <UniqueIdentifier>{ff0a58ef-449a-43b3-b382-7fb211631e6a}</UniqueIdentifier>
    </Filter>
    <Filter Include="김장후">
      <UniqueIdentifier>{8a0432f6-ab1e-43f8-a36f-0c1e692a4b84}</UniqueIdentifier>
    </Filter>
    <Filter Include="조한슬">
      <UniqueIdentifier>{08f07468-04c9-4a7a-b47d-617dd2fe0181}</UniqueIdentifier>
    </Filter>
    <Filter Include="윤동민">
      <UniqueIdentifier>{0dae2a61-1192-4a94-9614-182a6feff07c}</UniqueIdentifier>
    </Filter>
    <Filter Include="백승주">
      <UniqueIdentifier>{851002e3-0589-4164-b488-7729e0faec2f}</UniqueIdentifier>
    </Filter>
  </ItemGroup>
  <ItemGroup>
    <Text Include="1Q~2Q 수업 흐름.txt">
      <Filter>참고 자료</Filter>
    </Text>
    <Text Include="JDEngine 프로젝트 계층.txt">
      <Filter>참고 자료</Filter>
    </Text>
    <Text Include="계층 구조.txt">
      <Filter>참고 자료</Filter>
    </Text>
    <Text Include="추가정보.txt">
      <Filter>참고 자료</Filter>
    </Text>
    <Text Include="URL모음.txt">
      <Filter>참고 자료</Filter>
    </Text>
    <Text Include="솔루션 규칙&amp;관리법.txt">
      <Filter>규칙</Filter>
    </Text>
    <Text Include="짚고넘어갈점%28SavePoint%29.txt">
      <Filter>김장후</Filter>
    </Text>
    <Text Include="문법 백과사전.txt">
      <Filter>김장후</Filter>
    </Text>
  </ItemGroup>
</Project>