<?xml version="1.0" encoding="utf-8"?>
<Project ToolsVersion="4.0" xmlns="http://schemas.microsoft.com/developer/msbuild/2003">
  <ItemGroup>
    <Filter Include="Pre-Compile">
      <UniqueIdentifier>{c081b81f-98e0-499e-ae74-aaffbeb28c67}</UniqueIdentifier>
    </Filter>
    <Filter Include="App">
      <UniqueIdentifier>{915aa8e7-e448-44e6-89d6-658e1c61c407}</UniqueIdentifier>
    </Filter>
  </ItemGroup>
  <ItemGroup>
    <ClCompile Include="pch.cpp">
      <Filter>Pre-Compile</Filter>
    </ClCompile>
    <ClCompile Include="Main.cpp">
      <Filter>App</Filter>
    </ClCompile>
    <ClCompile Include="EngineCore.cpp">
      <Filter>App</Filter>
    </ClCompile>
  </ItemGroup>
  <ItemGroup>
    <ClInclude Include="pch.h">
      <Filter>Pre-Compile</Filter>
    </ClInclude>
    <ClInclude Include="Framework.h">
      <Filter>Pre-Compile</Filter>
    </ClInclude>
    <ClInclude Include="EngineCore.h">
      <Filter>App</Filter>
    </ClInclude>
  </ItemGroup>
</Project>